
Microsoft Visual Studio Solution File, Format Version 12.00
# Visual Studio Version 17
VisualStudioVersion = 17.9.34723.18
MinimumVisualStudioVersion = 10.0.40219.1
Project("{9A19103F-16F7-4668-BE54-9A1E7A4F7556}") = "mcvDemo", "mcvDemo\mcvDemo.csproj", "{A523E62D-2785-4C60-821B-847DDAF7E9E3}"
EndProject
Project("{9A19103F-16F7-4668-BE54-9A1E7A4F7556}") = "EFCore-SQLServer", "EFCore-SQLServer\EFCore-SQLServer.csproj", "{AA155421-FBF4-474B-BCA2-92A44A078B3B}"
EndProject
Project("{9A19103F-16F7-4668-BE54-9A1E7A4F7556}") = "web-api-v8", "web-api-v8\web-api-v8.csproj", "{83C6168D-C682-420C-AE74-99D35D2A58BE}"
EndProject
Project("{9A19103F-16F7-4668-BE54-9A1E7A4F7556}") = "OOP", "base\OOP.csproj", "{849CDA5D-E76A-4851-8A4A-49E1743546A3}"
EndProject
Project("{9A19103F-16F7-4668-BE54-9A1E7A4F7556}") = "IOC", "IOC\IOC.csproj", "{53184DED-AF52-4443-AAD0-61EA42560B31}"
EndProject
Project("{9A19103F-16F7-4668-BE54-9A1E7A4F7556}") = "Web.API", "Web.API\Web.API.csproj", "{6729D007-D8BB-4A00-9787-C788DEA8B75F}"
EndProject
Project("{2150E333-8FDC-42A3-9474-1A3956D46DE8}") = "grammer", "grammer", "{C93A5FDE-4355-44B8-A324-444D287DD517}"
EndProject
Global
	GlobalSection(SolutionConfigurationPlatforms) = preSolution
		Debug|Any CPU = Debug|Any CPU
		Release|Any CPU = Release|Any CPU
	EndGlobalSection
	GlobalSection(ProjectConfigurationPlatforms) = postSolution
		{A523E62D-2785-4C60-821B-847DDAF7E9E3}.Debug|Any CPU.ActiveCfg = Debug|Any CPU
		{A523E62D-2785-4C60-821B-847DDAF7E9E3}.Debug|Any CPU.Build.0 = Debug|Any CPU
		{A523E62D-2785-4C60-821B-847DDAF7E9E3}.Release|Any CPU.ActiveCfg = Release|Any CPU
		{A523E62D-2785-4C60-821B-847DDAF7E9E3}.Release|Any CPU.Build.0 = Release|Any CPU
		{AA155421-FBF4-474B-BCA2-92A44A078B3B}.Debug|Any CPU.ActiveCfg = Debug|Any CPU
		{AA155421-FBF4-474B-BCA2-92A44A078B3B}.Debug|Any CPU.Build.0 = Debug|Any CPU
		{AA155421-FBF4-474B-BCA2-92A44A078B3B}.Release|Any CPU.ActiveCfg = Release|Any CPU
		{AA155421-FBF4-474B-BCA2-92A44A078B3B}.Release|Any CPU.Build.0 = Release|Any CPU
		{83C6168D-C682-420C-AE74-99D35D2A58BE}.Debug|Any CPU.ActiveCfg = Debug|Any CPU
		{83C6168D-C682-420C-AE74-99D35D2A58BE}.Debug|Any CPU.Build.0 = Debug|Any CPU
		{83C6168D-C682-420C-AE74-99D35D2A58BE}.Release|Any CPU.ActiveCfg = Release|Any CPU
		{83C6168D-C682-420C-AE74-99D35D2A58BE}.Release|Any CPU.Build.0 = Release|Any CPU
		{849CDA5D-E76A-4851-8A4A-49E1743546A3}.Debug|Any CPU.ActiveCfg = Debug|Any CPU
		{849CDA5D-E76A-4851-8A4A-49E1743546A3}.Debug|Any CPU.Build.0 = Debug|Any CPU
		{849CDA5D-E76A-4851-8A4A-49E1743546A3}.Release|Any CPU.ActiveCfg = Release|Any CPU
		{849CDA5D-E76A-4851-8A4A-49E1743546A3}.Release|Any CPU.Build.0 = Release|Any CPU
		{53184DED-AF52-4443-AAD0-61EA42560B31}.Debug|Any CPU.ActiveCfg = Debug|Any CPU
		{53184DED-AF52-4443-AAD0-61EA42560B31}.Debug|Any CPU.Build.0 = Debug|Any CPU
		{53184DED-AF52-4443-AAD0-61EA42560B31}.Release|Any CPU.ActiveCfg = Release|Any CPU
		{53184DED-AF52-4443-AAD0-61EA42560B31}.Release|Any CPU.Build.0 = Release|Any CPU
		{6729D007-D8BB-4A00-9787-C788DEA8B75F}.Debug|Any CPU.ActiveCfg = Debug|Any CPU
		{6729D007-D8BB-4A00-9787-C788DEA8B75F}.Debug|Any CPU.Build.0 = Debug|Any CPU
		{6729D007-D8BB-4A00-9787-C788DEA8B75F}.Release|Any CPU.ActiveCfg = Release|Any CPU
		{6729D007-D8BB-4A00-9787-C788DEA8B75F}.Release|Any CPU.Build.0 = Release|Any CPU
	EndGlobalSection
	GlobalSection(SolutionProperties) = preSolution
		HideSolutionNode = FALSE
	EndGlobalSection
	GlobalSection(NestedProjects) = preSolution
		{849CDA5D-E76A-4851-8A4A-49E1743546A3} = {C93A5FDE-4355-44B8-A324-444D287DD517}
		{53184DED-AF52-4443-AAD0-61EA42560B31} = {C93A5FDE-4355-44B8-A324-444D287DD517}
	EndGlobalSection
	GlobalSection(ExtensibilityGlobals) = postSolution
		SolutionGuid = {07D0F979-C6DF-4F96-B476-F3A2CC149CF8}
	EndGlobalSection
EndGlobal
